
Microsoft Visual Studio Solution File, Format Version 12.00
Project("{FAE04EC0-301F-11D3-BF4B-00C04F79EFBC}") = "ConfigurationManager.Api", "ConfigurationManager.Api\ConfigurationManager.Api.csproj", "{762B288E-F6E0-4A68-BFE9-FCD0E45CC461}"
EndProject
Global
	GlobalSection(SolutionConfigurationPlatforms) = preSolution
		Debug|Any CPU = Debug|Any CPU
		Release|Any CPU = Release|Any CPU
	EndGlobalSection
	GlobalSection(ProjectConfigurationPlatforms) = postSolution
		{762B288E-F6E0-4A68-BFE9-FCD0E45CC461}.Debug|Any CPU.ActiveCfg = Debug|Any CPU
		{762B288E-F6E0-4A68-BFE9-FCD0E45CC461}.Debug|Any CPU.Build.0 = Debug|Any CPU
		{762B288E-F6E0-4A68-BFE9-FCD0E45CC461}.Release|Any CPU.ActiveCfg = Release|Any CPU
		{762B288E-F6E0-4A68-BFE9-FCD0E45CC461}.Release|Any CPU.Build.0 = Release|Any CPU
	EndGlobalSection
EndGlobal
